
Microsoft Visual Studio Solution File, Format Version 12.00
# Visual Studio Version 16
VisualStudioVersion = 16.0.30114.105
MinimumVisualStudioVersion = 10.0.40219.1
Project("{FAE04EC0-301F-11D3-BF4B-00C04F79EFBC}") = "SocialMedia.Api", "SocialMedia.Api\SocialMedia.Api.csproj", "{ECE1122B-7CCA-407F-A346-8A4D9338FF11}"
EndProject
Project("{FAE04EC0-301F-11D3-BF4B-00C04F79EFBC}") = "SocialMedia.Data", "SocialMedia.Data\SocialMedia.Data.csproj", "{A5A677DE-B3E0-4968-B94C-DCBB8EBFC17A}"
EndProject
Project("{FAE04EC0-301F-11D3-BF4B-00C04F79EFBC}") = "SocialMedia.Tests", "SocialMedia.Tests\SocialMedia.Tests.csproj", "{6509E9DD-AC3C-4C29-8C30-A9BF9A39E0E7}"
EndProject
Global
	GlobalSection(SolutionConfigurationPlatforms) = preSolution
		Debug|Any CPU = Debug|Any CPU
		Release|Any CPU = Release|Any CPU
	EndGlobalSection
	GlobalSection(SolutionProperties) = preSolution
		HideSolutionNode = FALSE
	EndGlobalSection
	GlobalSection(ProjectConfigurationPlatforms) = postSolution
		{ECE1122B-7CCA-407F-A346-8A4D9338FF11}.Debug|Any CPU.ActiveCfg = Debug|Any CPU
		{ECE1122B-7CCA-407F-A346-8A4D9338FF11}.Debug|Any CPU.Build.0 = Debug|Any CPU
		{ECE1122B-7CCA-407F-A346-8A4D9338FF11}.Release|Any CPU.ActiveCfg = Release|Any CPU
		{ECE1122B-7CCA-407F-A346-8A4D9338FF11}.Release|Any CPU.Build.0 = Release|Any CPU
		{A5A677DE-B3E0-4968-B94C-DCBB8EBFC17A}.Debug|Any CPU.ActiveCfg = Debug|Any CPU
		{A5A677DE-B3E0-4968-B94C-DCBB8EBFC17A}.Debug|Any CPU.Build.0 = Debug|Any CPU
		{A5A677DE-B3E0-4968-B94C-DCBB8EBFC17A}.Release|Any CPU.ActiveCfg = Release|Any CPU
		{A5A677DE-B3E0-4968-B94C-DCBB8EBFC17A}.Release|Any CPU.Build.0 = Release|Any CPU
		{6509E9DD-AC3C-4C29-8C30-A9BF9A39E0E7}.Debug|Any CPU.ActiveCfg = Debug|Any CPU
		{6509E9DD-AC3C-4C29-8C30-A9BF9A39E0E7}.Debug|Any CPU.Build.0 = Debug|Any CPU
		{6509E9DD-AC3C-4C29-8C30-A9BF9A39E0E7}.Release|Any CPU.ActiveCfg = Release|Any CPU
		{6509E9DD-AC3C-4C29-8C30-A9BF9A39E0E7}.Release|Any CPU.Build.0 = Release|Any CPU
	EndGlobalSection
EndGlobal
